
Microsoft Visual Studio Solution File, Format Version 12.00
# Visual Studio Version 17
VisualStudioVersion = 17.7.34202.233
MinimumVisualStudioVersion = 10.0.40219.1
Project("{9A19103F-16F7-4668-BE54-9A1E7A4F7556}") = "Test1", "Test1.csproj", "{580BE31D-D536-4B03-9D66-3E9E0EE46508}"
EndProject
Project("{FAE04EC0-301F-11D3-BF4B-00C04F79EFBC}") = "Test1.Tests", "..\TestProject\Test1.Tests.csproj", "{5B9A4BD7-A913-49FB-BC01-74A1F9687608}"
EndProject
Global
	GlobalSection(SolutionConfigurationPlatforms) = preSolution
		Debug|Any CPU = Debug|Any CPU
		Release|Any CPU = Release|Any CPU
	EndGlobalSection
	GlobalSection(ProjectConfigurationPlatforms) = postSolution
		{580BE31D-D536-4B03-9D66-3E9E0EE46508}.Debug|Any CPU.ActiveCfg = Debug|Any CPU
		{580BE31D-D536-4B03-9D66-3E9E0EE46508}.Debug|Any CPU.Build.0 = Debug|Any CPU
		{580BE31D-D536-4B03-9D66-3E9E0EE46508}.Release|Any CPU.ActiveCfg = Release|Any CPU
		{580BE31D-D536-4B03-9D66-3E9E0EE46508}.Release|Any CPU.Build.0 = Release|Any CPU
		{5B9A4BD7-A913-49FB-BC01-74A1F9687608}.Debug|Any CPU.ActiveCfg = Debug|Any CPU
		{5B9A4BD7-A913-49FB-BC01-74A1F9687608}.Debug|Any CPU.Build.0 = Debug|Any CPU
		{5B9A4BD7-A913-49FB-BC01-74A1F9687608}.Release|Any CPU.ActiveCfg = Release|Any CPU
		{5B9A4BD7-A913-49FB-BC01-74A1F9687608}.Release|Any CPU.Build.0 = Release|Any CPU
	EndGlobalSection
	GlobalSection(SolutionProperties) = preSolution
		HideSolutionNode = FALSE
	EndGlobalSection
	GlobalSection(ExtensibilityGlobals) = postSolution
		SolutionGuid = {15A27363-91FB-4603-BEE8-DFD7B4F8F661}
	EndGlobalSection
EndGlobal
